{
  "name": "magic_defense",
  "version": "3.0.0",
  "lockfileVersion": 3,
  "requires": true,
  "packages": {
    "": {
      "name": "magic_defense",
      "version": "3.0.0",
      "dependencies": {
        "magic_defense": "file:"
      }
    },
    "node_modules/magic_defense": {
      "resolved": "",
      "link": true
    }
  }
}
